
Microsoft Visual Studio Solution File, Format Version 12.00
# Visual Studio Version 17
VisualStudioVersion = 17.6.33723.286
MinimumVisualStudioVersion = 10.0.40219.1
Project("{9A19103F-16F7-4668-BE54-9A1E7A4F7556}") = "TiledToLB", "TiledToLB\TiledToLB.csproj", "{280D5C69-4F76-408D-8008-5B33F472BF13}"
EndProject
Global
	GlobalSection(SolutionConfigurationPlatforms) = preSolution
		Debug|Any CPU = Debug|Any CPU
		Release|Any CPU = Release|Any CPU
	EndGlobalSection
	GlobalSection(ProjectConfigurationPlatforms) = postSolution
		{280D5C69-4F76-408D-8008-5B33F472BF13}.Debug|Any CPU.ActiveCfg = Debug|Any CPU
		{280D5C69-4F76-408D-8008-5B33F472BF13}.Debug|Any CPU.Build.0 = Debug|Any CPU
		{280D5C69-4F76-408D-8008-5B33F472BF13}.Release|Any CPU.ActiveCfg = Release|Any CPU
		{280D5C69-4F76-408D-8008-5B33F472BF13}.Release|Any CPU.Build.0 = Release|Any CPU
	EndGlobalSection
	GlobalSection(SolutionProperties) = preSolution
		HideSolutionNode = FALSE
	EndGlobalSection
	GlobalSection(ExtensibilityGlobals) = postSolution
		SolutionGuid = {2FB362D9-1BC1-4F78-9C77-25EDEE011F85}
	EndGlobalSection
EndGlobal
